
Microsoft Visual Studio Solution File, Format Version 12.00
# Visual Studio Version 16
VisualStudioVersion = 16.0.30503.244
MinimumVisualStudioVersion = 10.0.40219.1
Project("{FAE04EC0-301F-11D3-BF4B-00C04F79EFBC}") = "MC", "MC\MC.csproj", "{7ECB27E5-DD98-4468-9A21-9BEAC8DCCC93}"
EndProject
Global
	GlobalSection(SolutionConfigurationPlatforms) = preSolution
		Debug|Any CPU = Debug|Any CPU
		Release|Any CPU = Release|Any CPU
	EndGlobalSection
	GlobalSection(ProjectConfigurationPlatforms) = postSolution
		{7ECB27E5-DD98-4468-9A21-9BEAC8DCCC93}.Debug|Any CPU.ActiveCfg = Debug|Any CPU
		{7ECB27E5-DD98-4468-9A21-9BEAC8DCCC93}.Debug|Any CPU.Build.0 = Debug|Any CPU
		{7ECB27E5-DD98-4468-9A21-9BEAC8DCCC93}.Release|Any CPU.ActiveCfg = Release|Any CPU
		{7ECB27E5-DD98-4468-9A21-9BEAC8DCCC93}.Release|Any CPU.Build.0 = Release|Any CPU
	EndGlobalSection
	GlobalSection(SolutionProperties) = preSolution
		HideSolutionNode = FALSE
	EndGlobalSection
	GlobalSection(ExtensibilityGlobals) = postSolution
		SolutionGuid = {FC95296C-02CA-4EAE-AB47-1C0CDCF13848}
	EndGlobalSection
EndGlobal
